
Microsoft Visual Studio Solution File, Format Version 12.00
# Visual Studio Version 16
VisualStudioVersion = 16.0.810.25
MinimumVisualStudioVersion = 10.0.40219.1
Project("{FAE04EC0-301F-11D3-BF4B-00C04F79EFBC}") = "AspenTeachesCoreProject", "AspenTeachesCoreProject\AspenTeachesCoreProject.csproj", "{E568BC74-1B00-4F9C-A7C8-6774557AB052}"
EndProject
Project("{FAE04EC0-301F-11D3-BF4B-00C04F79EFBC}") = "EntityLayer", "EntityLayer\EntityLayer.csproj", "{041A1FDD-9C54-4ED2-B9DD-5B06A06A64A4}"
EndProject
Project("{FAE04EC0-301F-11D3-BF4B-00C04F79EFBC}") = "BusinessLayer", "BusinessLayer\BusinessLayer.csproj", "{D51C0B85-FE59-4EB2-9A93-3BF727C92288}"
EndProject
Project("{FAE04EC0-301F-11D3-BF4B-00C04F79EFBC}") = "DataAccessLayer", "DataAccessLayer\DataAccessLayer.csproj", "{313F2847-C50B-409C-AC38-3E3AC53CC499}"
EndProject
Project("{FAE04EC0-301F-11D3-BF4B-00C04F79EFBC}") = "AspenTeachesApi", "AspenTeachesApi\AspenTeachesApi.csproj", "{FCA05D25-1934-4716-B012-2EA3F54C71B8}"
EndProject
Project("{FAE04EC0-301F-11D3-BF4B-00C04F79EFBC}") = "DTOLayer", "DTOLayer\DTOLayer.csproj", "{27585869-E67D-41E2-968F-D2C47AADCC79}"
EndProject
Global
	GlobalSection(SolutionConfigurationPlatforms) = preSolution
		Debug|Any CPU = Debug|Any CPU
		Release|Any CPU = Release|Any CPU
	EndGlobalSection
	GlobalSection(ProjectConfigurationPlatforms) = postSolution
		{E568BC74-1B00-4F9C-A7C8-6774557AB052}.Debug|Any CPU.ActiveCfg = Debug|Any CPU
		{E568BC74-1B00-4F9C-A7C8-6774557AB052}.Debug|Any CPU.Build.0 = Debug|Any CPU
		{E568BC74-1B00-4F9C-A7C8-6774557AB052}.Release|Any CPU.ActiveCfg = Release|Any CPU
		{E568BC74-1B00-4F9C-A7C8-6774557AB052}.Release|Any CPU.Build.0 = Release|Any CPU
		{041A1FDD-9C54-4ED2-B9DD-5B06A06A64A4}.Debug|Any CPU.ActiveCfg = Debug|Any CPU
		{041A1FDD-9C54-4ED2-B9DD-5B06A06A64A4}.Debug|Any CPU.Build.0 = Debug|Any CPU
		{041A1FDD-9C54-4ED2-B9DD-5B06A06A64A4}.Release|Any CPU.ActiveCfg = Release|Any CPU
		{041A1FDD-9C54-4ED2-B9DD-5B06A06A64A4}.Release|Any CPU.Build.0 = Release|Any CPU
		{D51C0B85-FE59-4EB2-9A93-3BF727C92288}.Debug|Any CPU.ActiveCfg = Debug|Any CPU
		{D51C0B85-FE59-4EB2-9A93-3BF727C92288}.Debug|Any CPU.Build.0 = Debug|Any CPU
		{D51C0B85-FE59-4EB2-9A93-3BF727C92288}.Release|Any CPU.ActiveCfg = Release|Any CPU
		{D51C0B85-FE59-4EB2-9A93-3BF727C92288}.Release|Any CPU.Build.0 = Release|Any CPU
		{313F2847-C50B-409C-AC38-3E3AC53CC499}.Debug|Any CPU.ActiveCfg = Debug|Any CPU
		{313F2847-C50B-409C-AC38-3E3AC53CC499}.Debug|Any CPU.Build.0 = Debug|Any CPU
		{313F2847-C50B-409C-AC38-3E3AC53CC499}.Release|Any CPU.ActiveCfg = Release|Any CPU
		{313F2847-C50B-409C-AC38-3E3AC53CC499}.Release|Any CPU.Build.0 = Release|Any CPU
		{FCA05D25-1934-4716-B012-2EA3F54C71B8}.Debug|Any CPU.ActiveCfg = Debug|Any CPU
		{FCA05D25-1934-4716-B012-2EA3F54C71B8}.Debug|Any CPU.Build.0 = Debug|Any CPU
		{FCA05D25-1934-4716-B012-2EA3F54C71B8}.Release|Any CPU.ActiveCfg = Release|Any CPU
		{FCA05D25-1934-4716-B012-2EA3F54C71B8}.Release|Any CPU.Build.0 = Release|Any CPU
		{27585869-E67D-41E2-968F-D2C47AADCC79}.Debug|Any CPU.ActiveCfg = Debug|Any CPU
		{27585869-E67D-41E2-968F-D2C47AADCC79}.Debug|Any CPU.Build.0 = Debug|Any CPU
		{27585869-E67D-41E2-968F-D2C47AADCC79}.Release|Any CPU.ActiveCfg = Release|Any CPU
		{27585869-E67D-41E2-968F-D2C47AADCC79}.Release|Any CPU.Build.0 = Release|Any CPU
	EndGlobalSection
	GlobalSection(SolutionProperties) = preSolution
		HideSolutionNode = FALSE
	EndGlobalSection
	GlobalSection(ExtensibilityGlobals) = postSolution
		SolutionGuid = {80EC20B1-FE2E-4754-B984-2E665E724A80}
	EndGlobalSection
EndGlobal
